# THIS IS AN AUTOGENERATED FILE. DO NOT EDIT THIS FILE DIRECTLY.
# yarn lockfile v1


"@types/amqplib@^0.5.8":
  version "0.5.8"
  resolved "https://registry.yarnpkg.com/@types/amqplib/-/amqplib-0.5.8.tgz#c7a4bd668d8761b2c64ae3e35c0e7c65df44d032"
  dependencies:
    "@types/bluebird" "*"
    "@types/events" "*"
    "@types/node" "*"

"@types/bluebird@*":
  version "3.5.23"
  resolved "https://registry.yarnpkg.com/@types/bluebird/-/bluebird-3.5.23.tgz#e805da976b76892b2b2e50eec29e84914c730670"

"@types/debug@^0.0.30":
  version "0.0.30"
  resolved "https://registry.yarnpkg.com/@types/debug/-/debug-0.0.30.tgz#dc1e40f7af3b9c815013a7860e6252f6352a84df"

"@types/events@*":
  version "1.2.0"
  resolved "https://registry.yarnpkg.com/@types/events/-/events-1.2.0.tgz#81a6731ce4df43619e5c8c945383b3e62a89ea86"

"@types/node@*":
  version "10.5.4"
  resolved "https://registry.yarnpkg.com/@types/node/-/node-10.5.4.tgz#6eccc158504357d1da91434d75e86acde94bb10b"

amqplib@^0.5.2:
  version "0.5.2"
  resolved "https://registry.yarnpkg.com/amqplib/-/amqplib-0.5.2.tgz#d2d7313c7ffaa4d10bcf1e6252de4591b6cc7b63"
  dependencies:
    bitsyntax "~0.0.4"
    bluebird "^3.4.6"
    buffer-more-ints "0.0.2"
    readable-stream "1.x >=1.1.9"
    safe-buffer "^5.0.1"

bitsyntax@~0.0.4:
  version "0.0.4"
  resolved "https://registry.yarnpkg.com/bitsyntax/-/bitsyntax-0.0.4.tgz#eb10cc6f82b8c490e3e85698f07e83d46e0cba82"
  dependencies:
    buffer-more-ints "0.0.2"

bluebird@^3.4.6:
  version "3.5.1"
  resolved "https://registry.yarnpkg.com/bluebird/-/bluebird-3.5.1.tgz#d9551f9de98f1fcda1e683d17ee91a0602ee2eb9"

buffer-from@^1.0.0:
  version "1.1.0"
  resolved "https://registry.yarnpkg.com/buffer-from/-/buffer-from-1.1.0.tgz#87fcaa3a298358e0ade6e442cfce840740d1ad04"

buffer-more-ints@0.0.2:
  version "0.0.2"
  resolved "https://registry.yarnpkg.com/buffer-more-ints/-/buffer-more-ints-0.0.2.tgz#26b3885d10fa13db7fc01aae3aab870199e0124c"

core-util-is@~1.0.0:
  version "1.0.2"
  resolved "https://registry.yarnpkg.com/core-util-is/-/core-util-is-1.0.2.tgz#b5fd54220aa2bc5ab57aab7140c940754503c1a7"

debug@^3.1.0:
  version "3.1.0"
  resolved "https://registry.yarnpkg.com/debug/-/debug-3.1.0.tgz#5bb5a0672628b64149566ba16819e61518c67261"
  dependencies:
    ms "2.0.0"

inherits@~2.0.1:
  version "2.0.3"
  resolved "https://registry.yarnpkg.com/inherits/-/inherits-2.0.3.tgz#633c2c83e3da42a502f52466022480f4208261de"

isarray@0.0.1:
  version "0.0.1"
  resolved "https://registry.yarnpkg.com/isarray/-/isarray-0.0.1.tgz#8a18acfca9a8f4177e09abfc6038939b05d1eedf"

ms@2.0.0:
  version "2.0.0"
  resolved "https://registry.yarnpkg.com/ms/-/ms-2.0.0.tgz#5608aeadfc00be6c2901df5f9861788de0d597c8"

"readable-stream@1.x >=1.1.9":
  version "1.1.14"
  resolved "https://registry.yarnpkg.com/readable-stream/-/readable-stream-1.1.14.tgz#7cf4c54ef648e3813084c636dd2079e166c081d9"
  dependencies:
    core-util-is "~1.0.0"
    inherits "~2.0.1"
    isarray "0.0.1"
    string_decoder "~0.10.x"

safe-buffer@^5.0.1:
  version "5.1.2"
  resolved "https://registry.yarnpkg.com/safe-buffer/-/safe-buffer-5.1.2.tgz#991ec69d296e0313747d59bdfd2b745c35f8828d"

source-map-support@^0.5.6:
  version "0.5.6"
  resolved "https://registry.yarnpkg.com/source-map-support/-/source-map-support-0.5.6.tgz#4435cee46b1aab62b8e8610ce60f788091c51c13"
  dependencies:
    buffer-from "^1.0.0"
    source-map "^0.6.0"

source-map@^0.6.0:
  version "0.6.1"
  resolved "https://registry.yarnpkg.com/source-map/-/source-map-0.6.1.tgz#74722af32e9614e9c287a8d0bbde48b5e2f1a263"

string_decoder@~0.10.x:
  version "0.10.31"
  resolved "https://registry.yarnpkg.com/string_decoder/-/string_decoder-0.10.31.tgz#62e203bc41766c6c28c9fc84301dab1c5310fa94"

typescript@^2.9.2:
  version "2.9.2"
  resolved "https://registry.yarnpkg.com/typescript/-/typescript-2.9.2.tgz#1cbf61d05d6b96269244eb6a3bce4bd914e0f00c"
